
Microsoft Visual Studio Solution File, Format Version 12.00
# Visual Studio Version 17
VisualStudioVersion = 17.3.32901.215
MinimumVisualStudioVersion = 10.0.40219.1
Project("{FAE04EC0-301F-11D3-BF4B-00C04F79EFBC}") = "actionresults_assignment", "actionresults_assignment\actionresults_assignment.csproj", "{A0ED2398-5431-4FD6-BB0C-994127CB1BBE}"
EndProject
Global
	GlobalSection(SolutionConfigurationPlatforms) = preSolution
		Debug|Any CPU = Debug|Any CPU
		Release|Any CPU = Release|Any CPU
	EndGlobalSection
	GlobalSection(ProjectConfigurationPlatforms) = postSolution
		{A0ED2398-5431-4FD6-BB0C-994127CB1BBE}.Debug|Any CPU.ActiveCfg = Debug|Any CPU
		{A0ED2398-5431-4FD6-BB0C-994127CB1BBE}.Debug|Any CPU.Build.0 = Debug|Any CPU
		{A0ED2398-5431-4FD6-BB0C-994127CB1BBE}.Release|Any CPU.ActiveCfg = Release|Any CPU
		{A0ED2398-5431-4FD6-BB0C-994127CB1BBE}.Release|Any CPU.Build.0 = Release|Any CPU
	EndGlobalSection
	GlobalSection(SolutionProperties) = preSolution
		HideSolutionNode = FALSE
	EndGlobalSection
	GlobalSection(ExtensibilityGlobals) = postSolution
		SolutionGuid = {CCB0A8A3-ADEB-425B-BCA2-2EB42615DBFC}
	EndGlobalSection
EndGlobal
