
Microsoft Visual Studio Solution File, Format Version 12.00
# Visual Studio Version 17
VisualStudioVersion = 17.3.32901.215
MinimumVisualStudioVersion = 10.0.40219.1
Project("{FAE04EC0-301F-11D3-BF4B-00C04F79EFBC}") = "errorsonarlint", "errorsonarlint\errorsonarlint.csproj", "{E502AB87-D157-4E3A-88B5-8C31B8337F5E}"
EndProject
Global
	GlobalSection(SolutionConfigurationPlatforms) = preSolution
		Debug|Any CPU = Debug|Any CPU
		Release|Any CPU = Release|Any CPU
	EndGlobalSection
	GlobalSection(ProjectConfigurationPlatforms) = postSolution
		{E502AB87-D157-4E3A-88B5-8C31B8337F5E}.Debug|Any CPU.ActiveCfg = Debug|Any CPU
		{E502AB87-D157-4E3A-88B5-8C31B8337F5E}.Debug|Any CPU.Build.0 = Debug|Any CPU
		{E502AB87-D157-4E3A-88B5-8C31B8337F5E}.Release|Any CPU.ActiveCfg = Release|Any CPU
		{E502AB87-D157-4E3A-88B5-8C31B8337F5E}.Release|Any CPU.Build.0 = Release|Any CPU
	EndGlobalSection
	GlobalSection(SolutionProperties) = preSolution
		HideSolutionNode = FALSE
	EndGlobalSection
	GlobalSection(ExtensibilityGlobals) = postSolution
		SolutionGuid = {30F84086-B24D-455C-8C7F-F9AE68E06D11}
	EndGlobalSection
EndGlobal
