
Microsoft Visual Studio Solution File, Format Version 12.00
# Visual Studio Version 17
VisualStudioVersion = 17.3.32901.215
MinimumVisualStudioVersion = 10.0.40219.1
Project("{FAE04EC0-301F-11D3-BF4B-00C04F79EFBC}") = "apirouting", "apirouting\apirouting.csproj", "{73A609C9-F4DE-4991-9738-2609E6F5698F}"
EndProject
Global
	GlobalSection(SolutionConfigurationPlatforms) = preSolution
		Debug|Any CPU = Debug|Any CPU
		Release|Any CPU = Release|Any CPU
	EndGlobalSection
	GlobalSection(ProjectConfigurationPlatforms) = postSolution
		{73A609C9-F4DE-4991-9738-2609E6F5698F}.Debug|Any CPU.ActiveCfg = Debug|Any CPU
		{73A609C9-F4DE-4991-9738-2609E6F5698F}.Debug|Any CPU.Build.0 = Debug|Any CPU
		{73A609C9-F4DE-4991-9738-2609E6F5698F}.Release|Any CPU.ActiveCfg = Release|Any CPU
		{73A609C9-F4DE-4991-9738-2609E6F5698F}.Release|Any CPU.Build.0 = Release|Any CPU
	EndGlobalSection
	GlobalSection(SolutionProperties) = preSolution
		HideSolutionNode = FALSE
	EndGlobalSection
	GlobalSection(ExtensibilityGlobals) = postSolution
		SolutionGuid = {094AC1E6-E8A7-4366-BA8F-23036DC51BEE}
	EndGlobalSection
EndGlobal
