
Microsoft Visual Studio Solution File, Format Version 12.00
# Visual Studio Version 17
VisualStudioVersion = 17.3.32901.215
MinimumVisualStudioVersion = 10.0.40219.1
Project("{FAE04EC0-301F-11D3-BF4B-00C04F79EFBC}") = "routingattributeassignment", "routingattributeassignment\routingattributeassignment.csproj", "{8442AE63-5325-464F-9D71-3F4298B93F9F}"
EndProject
Global
	GlobalSection(SolutionConfigurationPlatforms) = preSolution
		Debug|Any CPU = Debug|Any CPU
		Release|Any CPU = Release|Any CPU
	EndGlobalSection
	GlobalSection(ProjectConfigurationPlatforms) = postSolution
		{8442AE63-5325-464F-9D71-3F4298B93F9F}.Debug|Any CPU.ActiveCfg = Debug|Any CPU
		{8442AE63-5325-464F-9D71-3F4298B93F9F}.Debug|Any CPU.Build.0 = Debug|Any CPU
		{8442AE63-5325-464F-9D71-3F4298B93F9F}.Release|Any CPU.ActiveCfg = Release|Any CPU
		{8442AE63-5325-464F-9D71-3F4298B93F9F}.Release|Any CPU.Build.0 = Release|Any CPU
	EndGlobalSection
	GlobalSection(SolutionProperties) = preSolution
		HideSolutionNode = FALSE
	EndGlobalSection
	GlobalSection(ExtensibilityGlobals) = postSolution
		SolutionGuid = {FC9F74D6-1560-4614-972B-276483F5E22B}
	EndGlobalSection
EndGlobal
